
Microsoft Visual Studio Solution File, Format Version 12.00
# Visual Studio Version 17
VisualStudioVersion = 17.0.31912.275
MinimumVisualStudioVersion = 10.0.40219.1
Project("{FAE04EC0-301F-11D3-BF4B-00C04F79EFBC}") = "FastColor", "FastColor\FastColor.csproj", "{B14B01D5-0493-42E0-9B2F-EE524CA8A35D}"
EndProject
Global
	GlobalSection(SolutionConfigurationPlatforms) = preSolution
		Debug|Any CPU = Debug|Any CPU
		Release|Any CPU = Release|Any CPU
	EndGlobalSection
	GlobalSection(ProjectConfigurationPlatforms) = postSolution
		{B14B01D5-0493-42E0-9B2F-EE524CA8A35D}.Debug|Any CPU.ActiveCfg = Debug|Any CPU
		{B14B01D5-0493-42E0-9B2F-EE524CA8A35D}.Debug|Any CPU.Build.0 = Debug|Any CPU
		{B14B01D5-0493-42E0-9B2F-EE524CA8A35D}.Release|Any CPU.ActiveCfg = Release|Any CPU
		{B14B01D5-0493-42E0-9B2F-EE524CA8A35D}.Release|Any CPU.Build.0 = Release|Any CPU
	EndGlobalSection
	GlobalSection(SolutionProperties) = preSolution
		HideSolutionNode = FALSE
	EndGlobalSection
	GlobalSection(ExtensibilityGlobals) = postSolution
		SolutionGuid = {50D926C6-3047-444A-8881-9424A0AA6C31}
	EndGlobalSection
EndGlobal
